
Microsoft Visual Studio Solution File, Format Version 12.00
# Visual Studio Version 16
VisualStudioVersion = 16.0.31613.86
MinimumVisualStudioVersion = 10.0.40219.1
Project("{F184B08F-C81C-45F6-A57F-5ABD9991F28F}") = "SayMyName", "SayMyName\SayMyName.vbproj", "{A457C59B-839B-43F3-A417-6015D548FF16}"
EndProject
Global
	GlobalSection(SolutionConfigurationPlatforms) = preSolution
		Debug|Any CPU = Debug|Any CPU
		Release|Any CPU = Release|Any CPU
	EndGlobalSection
	GlobalSection(ProjectConfigurationPlatforms) = postSolution
		{A457C59B-839B-43F3-A417-6015D548FF16}.Debug|Any CPU.ActiveCfg = Debug|Any CPU
		{A457C59B-839B-43F3-A417-6015D548FF16}.Debug|Any CPU.Build.0 = Debug|Any CPU
		{A457C59B-839B-43F3-A417-6015D548FF16}.Release|Any CPU.ActiveCfg = Release|Any CPU
		{A457C59B-839B-43F3-A417-6015D548FF16}.Release|Any CPU.Build.0 = Release|Any CPU
	EndGlobalSection
	GlobalSection(SolutionProperties) = preSolution
		HideSolutionNode = FALSE
	EndGlobalSection
	GlobalSection(ExtensibilityGlobals) = postSolution
		SolutionGuid = {00838592-2948-4B86-9A10-096B11250808}
	EndGlobalSection
EndGlobal
